{
  "nodes": {
    "flake-parts": {
      "inputs": {
        "nixpkgs-lib": [
          "nixpkgs"
        ]
      },
      "locked": {
        "lastModified": 1775087534,
        "narHash": "sha256-91qqW8lhL7TLwgQWijoGBbiD4t7/q75KTi8NxjVmSmA=",
        "owner": "hercules-ci",
        "repo": "flake-parts",
        "rev": "3107b77cd68437b9a76194f0f7f9c55f2329ca5b",
        "type": "github"
      },
      "original": {
        "owner": "hercules-ci",
        "repo": "flake-parts",
        "type": "github"
      }
    },
    "nixpkgs": {
      "locked": {
        "lastModified": 1777270315,
        "narHash": "sha256-yKB4G6cKsQsWN7M6rZGk6gkJPDNPIzT05y4qzRyCDlI=",
        "owner": "NixOS",
        "repo": "nixpkgs",
        "rev": "6368eda62c9775c38ef7f714b2555a741c20c72d",
        "type": "github"
      },
      "original": {
        "owner": "NixOS",
        "ref": "nixpkgs-unstable",
        "repo": "nixpkgs",
        "type": "github"
      }
    },
    "resume-theme": {
      "flake": false,
      "locked": {
        "lastModified": 1749937524,
        "narHash": "sha256-tKCV6SceIDRtKuJkxTqv2We+h7DV4yJz05PqaVSjQ6Y=",
        "owner": "mansoorbarri",
        "repo": "coming-soon",
        "rev": "a7f0a30d1349bf3f54fb0c4757d2029859e4422f",
        "type": "github"
      },
      "original": {
        "owner": "mansoorbarri",
        "repo": "coming-soon",
        "type": "github"
      }
    },
    "root": {
      "inputs": {
        "flake-parts": "flake-parts",
        "nixpkgs": "nixpkgs",
        "resume-theme": "resume-theme"
      }
    }
  },
  "root": "root",
  "version": 7
}
