{
  "nodes": {
    "flake-parts": {
      "inputs": {
        "nixpkgs-lib": [
          "nixpkgs"
        ]
      },
      "locked": {
        "lastModified": 1772408722,
        "narHash": "sha256-rHuJtdcOjK7rAHpHphUb1iCvgkU3GpfvicLMwwnfMT0=",
        "owner": "hercules-ci",
        "repo": "flake-parts",
        "rev": "f20dc5d9b8027381c474144ecabc9034d6a839a3",
        "type": "github"
      },
      "original": {
        "owner": "hercules-ci",
        "repo": "flake-parts",
        "type": "github"
      }
    },
    "nixpkgs": {
      "locked": {
        "lastModified": 1774701658,
        "narHash": "sha256-CIS/4AMUSwUyC8X5g+5JsMRvIUL3YUfewe8K4VrbsSQ=",
        "owner": "NixOS",
        "repo": "nixpkgs",
        "rev": "b63fe7f000adcfa269967eeff72c64cafecbbebe",
        "type": "github"
      },
      "original": {
        "owner": "NixOS",
        "ref": "nixpkgs-unstable",
        "repo": "nixpkgs",
        "type": "github"
      }
    },
    "resume-theme": {
      "flake": false,
      "locked": {
        "lastModified": 1749937524,
        "narHash": "sha256-tKCV6SceIDRtKuJkxTqv2We+h7DV4yJz05PqaVSjQ6Y=",
        "owner": "mansoorbarri",
        "repo": "coming-soon",
        "rev": "a7f0a30d1349bf3f54fb0c4757d2029859e4422f",
        "type": "github"
      },
      "original": {
        "owner": "mansoorbarri",
        "repo": "coming-soon",
        "type": "github"
      }
    },
    "root": {
      "inputs": {
        "flake-parts": "flake-parts",
        "nixpkgs": "nixpkgs",
        "resume-theme": "resume-theme"
      }
    }
  },
  "root": "root",
  "version": 7
}
